
Microsoft Visual Studio Solution File, Format Version 12.00
# Visual Studio Version 17
VisualStudioVersion = 17.11.35303.130
MinimumVisualStudioVersion = 10.0.40219.1
Project("{9A19103F-16F7-4668-BE54-9A1E7A4F7556}") = "OrderSystem.OrderService.API", "OrderSystem.OrderService\OrderService.API\OrderSystem.OrderService.API.csproj", "{F74828CF-5CC6-4061-B1B8-CC153B4B5AC7}"
EndProject
Project("{2150E333-8FDC-42A3-9474-1A3956D46DE8}") = "OrderSystem.OrderService", "OrderSystem.OrderService", "{9CE29358-2C65-4E5E-BB16-F8D6C8365E87}"
EndProject
Project("{2150E333-8FDC-42A3-9474-1A3956D46DE8}") = "OrderSystem.PaymentService", "OrderSystem.PaymentService", "{6A991D3E-9396-4D7B-9996-9B3B6454A65A}"
EndProject
Project("{9A19103F-16F7-4668-BE54-9A1E7A4F7556}") = "OrderSystem.PaymentService.API", "OrderSystem.PaymentService\PaymentService.API\OrderSystem.PaymentService.API.csproj", "{6B785785-D108-4411-A2A8-56A1339CF7D0}"
EndProject
Project("{2150E333-8FDC-42A3-9474-1A3956D46DE8}") = "OrderSystem.DeliveryService", "OrderSystem.DeliveryService", "{D495D1BF-C430-4182-8DBC-FB72B6FB55D9}"
EndProject
Project("{9A19103F-16F7-4668-BE54-9A1E7A4F7556}") = "OrderSystem.DeliveryService.API", "OrderSystem.DeliveryService\DeliveryService.API\OrderSystem.DeliveryService.API.csproj", "{342771BD-AA1B-40AD-8770-6D7BC30C57C0}"
EndProject
Project("{9A19103F-16F7-4668-BE54-9A1E7A4F7556}") = "OrderSystem.PaymentService.Domain", "OrderSystem.PaymentService\PaymentService.Domain\OrderSystem.PaymentService.Domain.csproj", "{657F7A2E-000B-4F90-AEB4-1E8EE0CD4F12}"
EndProject
Project("{9A19103F-16F7-4668-BE54-9A1E7A4F7556}") = "OrderSystem.PaymentService.Application", "OrderSystem.PaymentService\PaymentService.Application\OrderSystem.PaymentService.Application.csproj", "{CD8BF098-1775-4727-90E1-F9B495B722CF}"
EndProject
Project("{9A19103F-16F7-4668-BE54-9A1E7A4F7556}") = "OrderSystem.PaymentService.Infrastructure", "OrderSystem.PaymentService\PaymentService.Infrastructure\OrderSystem.PaymentService.Infrastructure.csproj", "{B5F18BFF-5265-475F-BA75-BFBB492B5C5E}"
EndProject
Project("{9A19103F-16F7-4668-BE54-9A1E7A4F7556}") = "OrderSystem.OrderService.Domain", "OrderSystem.OrderService\OrderService.Domain\OrderSystem.OrderService.Domain.csproj", "{A9B84C18-BF6D-4BFB-B962-0CBCE0F32A99}"
EndProject
Project("{9A19103F-16F7-4668-BE54-9A1E7A4F7556}") = "OrderSystem.OrderService.Application", "OrderSystem.OrderService\OrderService.Application\OrderSystem.OrderService.Application.csproj", "{F0AD56E6-235D-4880-B251-DCB5A26C645A}"
EndProject
Project("{9A19103F-16F7-4668-BE54-9A1E7A4F7556}") = "OrderSystem.OrderService.Infrastructure", "OrderSystem.OrderService\OrderService.Infrastructure\OrderSystem.OrderService.Infrastructure.csproj", "{9AF47FBB-0903-4CF1-8DE0-7A48FA46F3B8}"
EndProject
Project("{9A19103F-16F7-4668-BE54-9A1E7A4F7556}") = "OrderSystem.DeliveryService.Domain", "OrderSystem.DeliveryService\DeliveryService.Domain\OrderSystem.DeliveryService.Domain.csproj", "{E0A9796D-2121-4F81-A8E6-49D769A1690C}"
EndProject
Project("{9A19103F-16F7-4668-BE54-9A1E7A4F7556}") = "OrderSystem.DeliveryService.Application", "OrderSystem.DeliveryService\DeliveryService.Application\OrderSystem.DeliveryService.Application.csproj", "{82165FBB-D968-420A-B626-4A3C6B5A3F7E}"
EndProject
Project("{9A19103F-16F7-4668-BE54-9A1E7A4F7556}") = "OrderSystem.DeliveryService.Infrastructure", "OrderSystem.DeliveryService\DeliveryService.Infrastructure\OrderSystem.DeliveryService.Infrastructure.csproj", "{5063C85E-ADF0-4C86-BC39-E6BCA776EACE}"
EndProject
Project("{9A19103F-16F7-4668-BE54-9A1E7A4F7556}") = "OrderSystem.ApiGateway", "OrderSystem.ApiGateway\OrderSystem.ApiGateway.csproj", "{A1A5B313-535C-4A42-B55E-B9E8FB3E8B8B}"
EndProject
Global
	GlobalSection(SolutionConfigurationPlatforms) = preSolution
		Debug|Any CPU = Debug|Any CPU
		Release|Any CPU = Release|Any CPU
	EndGlobalSection
	GlobalSection(ProjectConfigurationPlatforms) = postSolution
		{F74828CF-5CC6-4061-B1B8-CC153B4B5AC7}.Debug|Any CPU.ActiveCfg = Debug|Any CPU
		{F74828CF-5CC6-4061-B1B8-CC153B4B5AC7}.Debug|Any CPU.Build.0 = Debug|Any CPU
		{F74828CF-5CC6-4061-B1B8-CC153B4B5AC7}.Release|Any CPU.ActiveCfg = Release|Any CPU
		{F74828CF-5CC6-4061-B1B8-CC153B4B5AC7}.Release|Any CPU.Build.0 = Release|Any CPU
		{6B785785-D108-4411-A2A8-56A1339CF7D0}.Debug|Any CPU.ActiveCfg = Debug|Any CPU
		{6B785785-D108-4411-A2A8-56A1339CF7D0}.Debug|Any CPU.Build.0 = Debug|Any CPU
		{6B785785-D108-4411-A2A8-56A1339CF7D0}.Release|Any CPU.ActiveCfg = Release|Any CPU
		{6B785785-D108-4411-A2A8-56A1339CF7D0}.Release|Any CPU.Build.0 = Release|Any CPU
		{342771BD-AA1B-40AD-8770-6D7BC30C57C0}.Debug|Any CPU.ActiveCfg = Debug|Any CPU
		{342771BD-AA1B-40AD-8770-6D7BC30C57C0}.Debug|Any CPU.Build.0 = Debug|Any CPU
		{342771BD-AA1B-40AD-8770-6D7BC30C57C0}.Release|Any CPU.ActiveCfg = Release|Any CPU
		{342771BD-AA1B-40AD-8770-6D7BC30C57C0}.Release|Any CPU.Build.0 = Release|Any CPU
		{657F7A2E-000B-4F90-AEB4-1E8EE0CD4F12}.Debug|Any CPU.ActiveCfg = Debug|Any CPU
		{657F7A2E-000B-4F90-AEB4-1E8EE0CD4F12}.Debug|Any CPU.Build.0 = Debug|Any CPU
		{657F7A2E-000B-4F90-AEB4-1E8EE0CD4F12}.Release|Any CPU.ActiveCfg = Release|Any CPU
		{657F7A2E-000B-4F90-AEB4-1E8EE0CD4F12}.Release|Any CPU.Build.0 = Release|Any CPU
		{CD8BF098-1775-4727-90E1-F9B495B722CF}.Debug|Any CPU.ActiveCfg = Debug|Any CPU
		{CD8BF098-1775-4727-90E1-F9B495B722CF}.Debug|Any CPU.Build.0 = Debug|Any CPU
		{CD8BF098-1775-4727-90E1-F9B495B722CF}.Release|Any CPU.ActiveCfg = Release|Any CPU
		{CD8BF098-1775-4727-90E1-F9B495B722CF}.Release|Any CPU.Build.0 = Release|Any CPU
		{B5F18BFF-5265-475F-BA75-BFBB492B5C5E}.Debug|Any CPU.ActiveCfg = Debug|Any CPU
		{B5F18BFF-5265-475F-BA75-BFBB492B5C5E}.Debug|Any CPU.Build.0 = Debug|Any CPU
		{B5F18BFF-5265-475F-BA75-BFBB492B5C5E}.Release|Any CPU.ActiveCfg = Release|Any CPU
		{B5F18BFF-5265-475F-BA75-BFBB492B5C5E}.Release|Any CPU.Build.0 = Release|Any CPU
		{A9B84C18-BF6D-4BFB-B962-0CBCE0F32A99}.Debug|Any CPU.ActiveCfg = Debug|Any CPU
		{A9B84C18-BF6D-4BFB-B962-0CBCE0F32A99}.Debug|Any CPU.Build.0 = Debug|Any CPU
		{A9B84C18-BF6D-4BFB-B962-0CBCE0F32A99}.Release|Any CPU.ActiveCfg = Release|Any CPU
		{A9B84C18-BF6D-4BFB-B962-0CBCE0F32A99}.Release|Any CPU.Build.0 = Release|Any CPU
		{F0AD56E6-235D-4880-B251-DCB5A26C645A}.Debug|Any CPU.ActiveCfg = Debug|Any CPU
		{F0AD56E6-235D-4880-B251-DCB5A26C645A}.Debug|Any CPU.Build.0 = Debug|Any CPU
		{F0AD56E6-235D-4880-B251-DCB5A26C645A}.Release|Any CPU.ActiveCfg = Release|Any CPU
		{F0AD56E6-235D-4880-B251-DCB5A26C645A}.Release|Any CPU.Build.0 = Release|Any CPU
		{9AF47FBB-0903-4CF1-8DE0-7A48FA46F3B8}.Debug|Any CPU.ActiveCfg = Debug|Any CPU
		{9AF47FBB-0903-4CF1-8DE0-7A48FA46F3B8}.Debug|Any CPU.Build.0 = Debug|Any CPU
		{9AF47FBB-0903-4CF1-8DE0-7A48FA46F3B8}.Release|Any CPU.ActiveCfg = Release|Any CPU
		{9AF47FBB-0903-4CF1-8DE0-7A48FA46F3B8}.Release|Any CPU.Build.0 = Release|Any CPU
		{E0A9796D-2121-4F81-A8E6-49D769A1690C}.Debug|Any CPU.ActiveCfg = Debug|Any CPU
		{E0A9796D-2121-4F81-A8E6-49D769A1690C}.Debug|Any CPU.Build.0 = Debug|Any CPU
		{E0A9796D-2121-4F81-A8E6-49D769A1690C}.Release|Any CPU.ActiveCfg = Release|Any CPU
		{E0A9796D-2121-4F81-A8E6-49D769A1690C}.Release|Any CPU.Build.0 = Release|Any CPU
		{82165FBB-D968-420A-B626-4A3C6B5A3F7E}.Debug|Any CPU.ActiveCfg = Debug|Any CPU
		{82165FBB-D968-420A-B626-4A3C6B5A3F7E}.Debug|Any CPU.Build.0 = Debug|Any CPU
		{82165FBB-D968-420A-B626-4A3C6B5A3F7E}.Release|Any CPU.ActiveCfg = Release|Any CPU
		{82165FBB-D968-420A-B626-4A3C6B5A3F7E}.Release|Any CPU.Build.0 = Release|Any CPU
		{5063C85E-ADF0-4C86-BC39-E6BCA776EACE}.Debug|Any CPU.ActiveCfg = Debug|Any CPU
		{5063C85E-ADF0-4C86-BC39-E6BCA776EACE}.Debug|Any CPU.Build.0 = Debug|Any CPU
		{5063C85E-ADF0-4C86-BC39-E6BCA776EACE}.Release|Any CPU.ActiveCfg = Release|Any CPU
		{5063C85E-ADF0-4C86-BC39-E6BCA776EACE}.Release|Any CPU.Build.0 = Release|Any CPU
		{A1A5B313-535C-4A42-B55E-B9E8FB3E8B8B}.Debug|Any CPU.ActiveCfg = Debug|Any CPU
		{A1A5B313-535C-4A42-B55E-B9E8FB3E8B8B}.Debug|Any CPU.Build.0 = Debug|Any CPU
		{A1A5B313-535C-4A42-B55E-B9E8FB3E8B8B}.Release|Any CPU.ActiveCfg = Release|Any CPU
		{A1A5B313-535C-4A42-B55E-B9E8FB3E8B8B}.Release|Any CPU.Build.0 = Release|Any CPU
	EndGlobalSection
	GlobalSection(SolutionProperties) = preSolution
		HideSolutionNode = FALSE
	EndGlobalSection
	GlobalSection(NestedProjects) = preSolution
		{F74828CF-5CC6-4061-B1B8-CC153B4B5AC7} = {9CE29358-2C65-4E5E-BB16-F8D6C8365E87}
		{6B785785-D108-4411-A2A8-56A1339CF7D0} = {6A991D3E-9396-4D7B-9996-9B3B6454A65A}
		{342771BD-AA1B-40AD-8770-6D7BC30C57C0} = {D495D1BF-C430-4182-8DBC-FB72B6FB55D9}
		{657F7A2E-000B-4F90-AEB4-1E8EE0CD4F12} = {6A991D3E-9396-4D7B-9996-9B3B6454A65A}
		{CD8BF098-1775-4727-90E1-F9B495B722CF} = {6A991D3E-9396-4D7B-9996-9B3B6454A65A}
		{B5F18BFF-5265-475F-BA75-BFBB492B5C5E} = {6A991D3E-9396-4D7B-9996-9B3B6454A65A}
		{A9B84C18-BF6D-4BFB-B962-0CBCE0F32A99} = {9CE29358-2C65-4E5E-BB16-F8D6C8365E87}
		{F0AD56E6-235D-4880-B251-DCB5A26C645A} = {9CE29358-2C65-4E5E-BB16-F8D6C8365E87}
		{9AF47FBB-0903-4CF1-8DE0-7A48FA46F3B8} = {9CE29358-2C65-4E5E-BB16-F8D6C8365E87}
		{E0A9796D-2121-4F81-A8E6-49D769A1690C} = {D495D1BF-C430-4182-8DBC-FB72B6FB55D9}
		{82165FBB-D968-420A-B626-4A3C6B5A3F7E} = {D495D1BF-C430-4182-8DBC-FB72B6FB55D9}
		{5063C85E-ADF0-4C86-BC39-E6BCA776EACE} = {D495D1BF-C430-4182-8DBC-FB72B6FB55D9}
	EndGlobalSection
	GlobalSection(ExtensibilityGlobals) = postSolution
		SolutionGuid = {7E88D531-506D-4DBE-889B-DB6F7EBE8544}
	EndGlobalSection
EndGlobal
